{
  "name": "pixi-cull",
  "version": "0.1.0",
  "lockfileVersion": 1,
  "requires": true,
  "dependencies": {
    "bit-twiddle": {
      "version": "1.0.2",
      "resolved": "https://registry.npmjs.org/bit-twiddle/-/bit-twiddle-1.0.2.tgz",
      "integrity": "sha1-DGwfq+KyPRcXPZpht7cJPrnhdp4="
    },
    "earcut": {
      "version": "2.1.3",
      "resolved": "https://registry.npmjs.org/earcut/-/earcut-2.1.3.tgz",
      "integrity": "sha512-AxdCdWUk1zzK/NuZ7e1ljj6IGC+VAdC3Qb7QQDsXpfNrc5IM8tL9nNXUmEGE6jRHTfZ10zhzRhtDmWVsR5pd3A=="
    },
    "eventemitter3": {
      "version": "3.1.0",
      "resolved": "https://registry.npmjs.org/eventemitter3/-/eventemitter3-3.1.0.tgz",
      "integrity": "sha512-ivIvhpq/Y0uSjcHDcOIccjmYjGLcP09MFGE7ysAwkAvkXfpZlC985pH2/ui64DKazbTW/4kN3yqozUxlXzI6cA=="
    },
    "ismobilejs": {
      "version": "0.4.1",
      "resolved": "https://registry.npmjs.org/ismobilejs/-/ismobilejs-0.4.1.tgz",
      "integrity": "sha1-Gl8SbHD+05yT2jgPpiy65XI+fcI="
    },
    "mini-signals": {
      "version": "1.2.0",
      "resolved": "https://registry.npmjs.org/mini-signals/-/mini-signals-1.2.0.tgz",
      "integrity": "sha1-RbCAE8X65RokqhqTXNMXye1yHXQ="
    },
    "object-assign": {
      "version": "4.1.1",
      "resolved": "https://registry.npmjs.org/object-assign/-/object-assign-4.1.1.tgz",
      "integrity": "sha1-IQmtx5ZYh8/AXLvUQsrIv7s2CGM="
    },
    "parse-uri": {
      "version": "1.0.0",
      "resolved": "https://registry.npmjs.org/parse-uri/-/parse-uri-1.0.0.tgz",
      "integrity": "sha1-KHLcwi8aeXrN4Vg9igrClVLdrCA="
    },
    "penner": {
      "version": "0.1.3",
      "resolved": "https://registry.npmjs.org/penner/-/penner-0.1.3.tgz",
      "integrity": "sha1-C4tILU6bOa8vPXw3WSIpuKzClwU="
    },
    "pixi-gl-core": {
      "version": "1.1.4",
      "resolved": "https://registry.npmjs.org/pixi-gl-core/-/pixi-gl-core-1.1.4.tgz",
      "integrity": "sha1-i0tcQzsx5Bm8N53FZc4bg1qRs3I="
    },
    "pixi-viewport": {
      "version": "3.11.2",
      "resolved": "https://registry.npmjs.org/pixi-viewport/-/pixi-viewport-3.11.2.tgz",
      "integrity": "sha512-wZYPCGm2JsJCWLVEUUDRWFaDosLoxTBYf4KR8RMiSqUWPAL26XWtZtpo6Du4g5GNiRmpYtm7SrjS3fqYyox5ng==",
      "requires": {
        "eventemitter3": "^3.1.0",
        "penner": "^0.1.3"
      }
    },
    "pixi.js": {
      "version": "4.8.2",
      "resolved": "https://registry.npmjs.org/pixi.js/-/pixi.js-4.8.2.tgz",
      "integrity": "sha512-OHA3Q3wwxRJXkVWALVuiUcUqQZd5p0rQF9ikCvOmux3A6Lxb5S61v4PMEAVgR3+1auZekbv/GNHCxDGFCQSi8g==",
      "requires": {
        "bit-twiddle": "^1.0.2",
        "earcut": "^2.1.3",
        "eventemitter3": "^2.0.0",
        "ismobilejs": "^0.4.0",
        "object-assign": "^4.0.1",
        "pixi-gl-core": "^1.1.4",
        "remove-array-items": "^1.0.0",
        "resource-loader": "^2.1.1"
      },
      "dependencies": {
        "eventemitter3": {
          "version": "2.0.3",
          "resolved": "https://registry.npmjs.org/eventemitter3/-/eventemitter3-2.0.3.tgz",
          "integrity": "sha1-teEHm1n7XhuidxwKmTvgYKWMmbo="
        }
      }
    },
    "remove-array-items": {
      "version": "1.1.0",
      "resolved": "https://registry.npmjs.org/remove-array-items/-/remove-array-items-1.1.0.tgz",
      "integrity": "sha512-+YAHWd5patqAM/F4uBsto9h8RXDVxPRrKW46AkbI6eH12OFrN9wlGpkNWYxCjCfwtkidTjaaCXqU634V4mysvw=="
    },
    "resource-loader": {
      "version": "2.1.1",
      "resolved": "https://registry.npmjs.org/resource-loader/-/resource-loader-2.1.1.tgz",
      "integrity": "sha512-jRMGYUfa4AGk9ib45Wxc93lobhQVoiCUAUkWqsbb/fhGPge97YT1S8aC0xBEQpolMsrdmB3o7SH8VmIEvIDOLA==",
      "requires": {
        "mini-signals": "^1.1.1",
        "parse-uri": "^1.0.0"
      }
    }
  }
}
